
Microsoft Visual Studio Solution File, Format Version 12.00
# Visual Studio Version 17
VisualStudioVersion = 17.11.35327.3
MinimumVisualStudioVersion = 10.0.40219.1
Project("{9A19103F-16F7-4668-BE54-9A1E7A4F7556}") = "RoadCamTest3", "RoadCamTest3\RoadCamTest3.csproj", "{B0B5F6AA-A0B6-4D77-803E-549269F96D50}"
EndProject
Project("{2150E333-8FDC-42A3-9474-1A3956D46DE8}") = "Models", "Models", "{0522CF37-D98E-403C-A76E-C1E525219A92}"
EndProject
Global
	GlobalSection(SolutionConfigurationPlatforms) = preSolution
		Debug|Any CPU = Debug|Any CPU
		Release|Any CPU = Release|Any CPU
	EndGlobalSection
	GlobalSection(ProjectConfigurationPlatforms) = postSolution
		{B0B5F6AA-A0B6-4D77-803E-549269F96D50}.Debug|Any CPU.ActiveCfg = Debug|Any CPU
		{B0B5F6AA-A0B6-4D77-803E-549269F96D50}.Debug|Any CPU.Build.0 = Debug|Any CPU
		{B0B5F6AA-A0B6-4D77-803E-549269F96D50}.Release|Any CPU.ActiveCfg = Release|Any CPU
		{B0B5F6AA-A0B6-4D77-803E-549269F96D50}.Release|Any CPU.Build.0 = Release|Any CPU
	EndGlobalSection
	GlobalSection(SolutionProperties) = preSolution
		HideSolutionNode = FALSE
	EndGlobalSection
	GlobalSection(NestedProjects) = preSolution
		{B0B5F6AA-A0B6-4D77-803E-549269F96D50} = {0522CF37-D98E-403C-A76E-C1E525219A92}
	EndGlobalSection
	GlobalSection(ExtensibilityGlobals) = postSolution
		SolutionGuid = {07258989-599C-4958-AE6D-8AECA8EB663C}
	EndGlobalSection
EndGlobal
